{
  "name": "caffeine-tracker",
  "version": "1.0.0",
  "lockfileVersion": 3,
  "requires": true,
  "packages": {
    "": {
      "name": "caffeine-tracker",
      "version": "1.0.0",
      "dependencies": {
        "@elgato/streamdeck": "^2.0.4"
      }
    },
    "node_modules/@elgato/schemas": {
      "version": "0.4.15",
      "resolved": "https://registry.npmjs.org/@elgato/schemas/-/schemas-0.4.15.tgz",
      "integrity": "sha512-UpELAqazf52PFer+hqg/hvEhYoPHCH3R0af6P7Ih3Hk6xCCJENn7cA5TIpXAIGEWe6dIteHuo/e/iPGLUP7yXA==",
      "license": "MIT"
    },
    "node_modules/@elgato/streamdeck": {
      "version": "2.1.0",
      "resolved": "https://registry.npmjs.org/@elgato/streamdeck/-/streamdeck-2.1.0.tgz",
      "integrity": "sha512-d6wgSe93NbKAW0yT6/rabGCYUWic6nAoQoSLAXVadqTIUVmt+5Tfu7OaIGKnGER6AOn6dOpX6havRLFFFcUmOw==",
      "license": "MIT",
      "dependencies": {
        "@elgato/schemas": "^0.4.14",
        "@elgato/utils": "^0.4.4",
        "ws": "^8.19.0"
      },
      "engines": {
        "node": ">=20.5.1"
      }
    },
    "node_modules/@elgato/utils": {
      "version": "0.4.4",
      "resolved": "https://registry.npmjs.org/@elgato/utils/-/utils-0.4.4.tgz",
      "integrity": "sha512-KJbBp9JopLKR+0fO7QEK2HCurnKysVTMAD1GB8RklNHGcCzMqw0ep6mY8XRy3FX6OpDz+sIXZqz5DMws8Ec8AQ==",
      "license": "MIT",
      "dependencies": {
        "zod": "^3.25.24"
      }
    },
    "node_modules/ws": {
      "version": "8.20.0",
      "resolved": "https://registry.npmjs.org/ws/-/ws-8.20.0.tgz",
      "integrity": "sha512-sAt8BhgNbzCtgGbt2OxmpuryO63ZoDk/sqaB/znQm94T4fCEsy/yV+7CdC1kJhOU9lboAEU7R3kquuycDoibVA==",
      "license": "MIT",
      "engines": {
        "node": ">=10.0.0"
      },
      "peerDependencies": {
        "bufferutil": "^4.0.1",
        "utf-8-validate": ">=5.0.2"
      },
      "peerDependenciesMeta": {
        "bufferutil": {
          "optional": true
        },
        "utf-8-validate": {
          "optional": true
        }
      }
    },
    "node_modules/zod": {
      "version": "3.25.76",
      "resolved": "https://registry.npmjs.org/zod/-/zod-3.25.76.tgz",
      "integrity": "sha512-gzUt/qt81nXsFGKIFcC3YnfEAx5NkunCfnDlvuBSSFS02bcXu4Lmea0AFIUwbLWxWPx3d9p8S5QoaujKcNQxcQ==",
      "license": "MIT",
      "funding": {
        "url": "https://github.com/sponsors/colinhacks"
      }
    }
  }
}
